dependencies:
- name: postgresql
  repository: https://charts.bitnami.com/bitnami
  version: 18.2.3
- name: minio
  repository: https://charts.bitnami.com/bitnami
  version: 17.0.21
digest: sha256:69e03a7ad38717d885a1b506defe156aaa9e9405d3601d3af20dc9557d576121
generated: "2026-01-19T20:52:17.342030802-06:00"
