dependencies:
- name: postgresql
  repository: https://charts.bitnami.com/bitnami
  version: 18.12.4
- name: rustfs
  repository: https://charts.rustfs.com
  version: 1.0.1
- name: valkey
  repository: https://valkey.io/valkey-helm/
  version: 0.12.0
digest: sha256:8f5d50b7891994fa683493e659d19eb1ea1f56640d855467bd3a32a715dd738b
generated: "2026-10-09T12:42:38.688422065Z"
